{
  "name": "node-red-contrib-vmware-cbc",
  "version": "1.0.0",
  "lockfileVersion": 2,
  "requires": true,
  "packages": {
    "": {
      "version": "1.0.0",
      "license": "MIT",
      "dependencies": {
        "node-red-contrib-vmware-cbc": "file:"
      }
    },
    "node_modules/node-red-contrib-vmware-cbc": {
      "link": true,
      "resolved": ""
    }
  },
  "dependencies": {
    "node-red-contrib-vmware-cbc": {
      "version": "file:",
      "requires": {
        "node-red-contrib-vmware-cbc": "file:"
      }
    }
  }
}
